
Microsoft Visual Studio Solution File, Format Version 12.00
# Visual Studio Version 17
VisualStudioVersion = 17.8.34322.80
MinimumVisualStudioVersion = 10.0.40219.1
Project("{FAE04EC0-301F-11D3-BF4B-00C04F79EFBC}") = "expenses-tracker", "expenses-tracker.csproj", "{33B5B28D-B054-44B0-8388-2F5DB92184B1}"
EndProject
Global
	GlobalSection(SolutionConfigurationPlatforms) = preSolution
		Debug|Any CPU = Debug|Any CPU
		Release|Any CPU = Release|Any CPU
	EndGlobalSection
	GlobalSection(ProjectConfigurationPlatforms) = postSolution
		{33B5B28D-B054-44B0-8388-2F5DB92184B1}.Debug|Any CPU.ActiveCfg = Debug|Any CPU
		{33B5B28D-B054-44B0-8388-2F5DB92184B1}.Debug|Any CPU.Build.0 = Debug|Any CPU
		{33B5B28D-B054-44B0-8388-2F5DB92184B1}.Release|Any CPU.ActiveCfg = Release|Any CPU
		{33B5B28D-B054-44B0-8388-2F5DB92184B1}.Release|Any CPU.Build.0 = Release|Any CPU
	EndGlobalSection
	GlobalSection(SolutionProperties) = preSolution
		HideSolutionNode = FALSE
	EndGlobalSection
	GlobalSection(ExtensibilityGlobals) = postSolution
		SolutionGuid = {588C7190-098F-4D48-A61B-435263D30770}
	EndGlobalSection
EndGlobal
